
Microsoft Visual Studio Solution File, Format Version 12.00
Project("{FAE04EC0-301F-11D3-BF4B-00C04F79EFBC}") = "SimbirSoftCourceTask", "SimbirSoftCourceTask\SimbirSoftCourceTask.csproj", "{BE031D26-2C1D-4952-8E7D-C16A1992C752}"
EndProject
Global
	GlobalSection(SolutionConfigurationPlatforms) = preSolution
		Debug|Any CPU = Debug|Any CPU
		Release|Any CPU = Release|Any CPU
	EndGlobalSection
	GlobalSection(ProjectConfigurationPlatforms) = postSolution
		{BE031D26-2C1D-4952-8E7D-C16A1992C752}.Debug|Any CPU.ActiveCfg = Debug|Any CPU
		{BE031D26-2C1D-4952-8E7D-C16A1992C752}.Debug|Any CPU.Build.0 = Debug|Any CPU
		{BE031D26-2C1D-4952-8E7D-C16A1992C752}.Release|Any CPU.ActiveCfg = Release|Any CPU
		{BE031D26-2C1D-4952-8E7D-C16A1992C752}.Release|Any CPU.Build.0 = Release|Any CPU
	EndGlobalSection
EndGlobal
